
Microsoft Visual Studio Solution File, Format Version 12.00
# Visual Studio 14
VisualStudioVersion = 14.0.23107.0
MinimumVisualStudioVersion = 10.0.40219.1
Project("{2150E333-8FDC-42A3-9474-1A3956D46DE8}") = "1_Presentation", "1_Presentation", "{9D6FB55E-88E2-4418-BC55-CD92199EACB2}"
EndProject
Project("{FAE04EC0-301F-11D3-BF4B-00C04F79EFBC}") = "Telephone.Presentation.WinForm", "1_Presentation\Telephone.Presentation.WinForm\Telephone.Presentation.WinForm.csproj", "{B258C9DF-EB3E-4CB0-A7F3-035335879143}"
EndProject
Project("{2150E333-8FDC-42A3-9474-1A3956D46DE8}") = "3_Application", "3_Application", "{9CD66F78-4E05-4A7B-A47F-8A0A5AC73344}"
EndProject
Project("{FAE04EC0-301F-11D3-BF4B-00C04F79EFBC}") = "Telephone.Application.Information", "3_Application\Telephone.Application.Information\Telephone.Application.Information.csproj", "{A8C7856E-8780-4EEE-ADE7-A05CD57598BD}"
EndProject
Project("{2150E333-8FDC-42A3-9474-1A3956D46DE8}") = "6_Test", "6_Test", "{435712FF-907D-4AFB-8D81-F9550C9CE304}"
EndProject
Project("{FAE04EC0-301F-11D3-BF4B-00C04F79EFBC}") = "Test.Application.Information", "6_Test\Test.Application.Information\Test.Application.Information.csproj", "{8F052FDD-23E4-48B7-B3FD-3423A0A68CB7}"
EndProject
Global
	GlobalSection(SolutionConfigurationPlatforms) = preSolution
		Debug|Any CPU = Debug|Any CPU
		Release|Any CPU = Release|Any CPU
	EndGlobalSection
	GlobalSection(ProjectConfigurationPlatforms) = postSolution
		{B258C9DF-EB3E-4CB0-A7F3-035335879143}.Debug|Any CPU.ActiveCfg = Debug|Any CPU
		{B258C9DF-EB3E-4CB0-A7F3-035335879143}.Debug|Any CPU.Build.0 = Debug|Any CPU
		{B258C9DF-EB3E-4CB0-A7F3-035335879143}.Release|Any CPU.ActiveCfg = Release|Any CPU
		{B258C9DF-EB3E-4CB0-A7F3-035335879143}.Release|Any CPU.Build.0 = Release|Any CPU
		{A8C7856E-8780-4EEE-ADE7-A05CD57598BD}.Debug|Any CPU.ActiveCfg = Debug|Any CPU
		{A8C7856E-8780-4EEE-ADE7-A05CD57598BD}.Debug|Any CPU.Build.0 = Debug|Any CPU
		{A8C7856E-8780-4EEE-ADE7-A05CD57598BD}.Release|Any CPU.ActiveCfg = Release|Any CPU
		{A8C7856E-8780-4EEE-ADE7-A05CD57598BD}.Release|Any CPU.Build.0 = Release|Any CPU
		{8F052FDD-23E4-48B7-B3FD-3423A0A68CB7}.Debug|Any CPU.ActiveCfg = Debug|Any CPU
		{8F052FDD-23E4-48B7-B3FD-3423A0A68CB7}.Debug|Any CPU.Build.0 = Debug|Any CPU
		{8F052FDD-23E4-48B7-B3FD-3423A0A68CB7}.Release|Any CPU.ActiveCfg = Release|Any CPU
		{8F052FDD-23E4-48B7-B3FD-3423A0A68CB7}.Release|Any CPU.Build.0 = Release|Any CPU
	EndGlobalSection
	GlobalSection(SolutionProperties) = preSolution
		HideSolutionNode = FALSE
	EndGlobalSection
	GlobalSection(NestedProjects) = preSolution
		{B258C9DF-EB3E-4CB0-A7F3-035335879143} = {9D6FB55E-88E2-4418-BC55-CD92199EACB2}
		{A8C7856E-8780-4EEE-ADE7-A05CD57598BD} = {9CD66F78-4E05-4A7B-A47F-8A0A5AC73344}
		{8F052FDD-23E4-48B7-B3FD-3423A0A68CB7} = {435712FF-907D-4AFB-8D81-F9550C9CE304}
	EndGlobalSection
EndGlobal
